{
	"requires": true,
	"lockfileVersion": 1,
	"dependencies": {
		"cokourier-prime-sans": {
			"version": "git+https://gitlab.coko.foundation/julientaq/cokourier-sans-prime.git#55aa30adce0193baac1ea026cf4409be9dd93a10",
			"requires": {
				"typeface-open-sans": "0.0.35"
			}
		},
		"typeface-fira-mono": {
			"version": "0.0.43",
			"resolved": "https://registry.npmjs.org/typeface-fira-mono/-/typeface-fira-mono-0.0.43.tgz",
			"integrity": "sha512-3FDww27TXzoKag0p29sCYplb563NISvw2CnRIrvrnapPTTxDoN6SeOPfuXvrrnYAuHKqBtmfM4h9GMfcOD279w=="
		},
		"typeface-fira-sans": {
			"version": "0.0.43",
			"resolved": "https://registry.npmjs.org/typeface-fira-sans/-/typeface-fira-sans-0.0.43.tgz",
			"integrity": "sha512-gYk6C3FyXn2gFKxkqfgNLurgQmRGtMWR06XXYklRmnzJPcx3KGHHKL1sWTQfQxw0S2Lgt2+TqA0erKNs0ZQ37g=="
		},
		"typeface-fira-sans-condensed": {
			"version": "0.0.43",
			"resolved": "https://registry.npmjs.org/typeface-fira-sans-condensed/-/typeface-fira-sans-condensed-0.0.43.tgz",
			"integrity": "sha512-uPXyiZdHtn29O53o/f4JoFSB9k6p0KV9DVnKyP1YGDVGulgfeVx1hCwNY1kXP/rkisvw8KWIFCfnCQ8vfpfzvA=="
		},
		"typeface-open-sans": {
			"version": "0.0.35",
			"resolved": "https://registry.npmjs.org/typeface-open-sans/-/typeface-open-sans-0.0.35.tgz",
			"integrity": "sha512-lNrL3aaatdSkSb8rH1R9GXS27xyD5H4h9NctEm9B5Uk/pKwCzDrUcZhbhYi5Yih5FcMa8ZTtdY5K1ziMxo6EEg=="
		},
		"typeface-vollkorn": {
			"version": "0.0.43",
			"resolved": "https://registry.npmjs.org/typeface-vollkorn/-/typeface-vollkorn-0.0.43.tgz",
			"integrity": "sha512-CutRPP18Avo8TkIHbk9Mg3RnY622uaahEWcbGTceVxGyVVcAsFb7uraC2UcWkMA1HhFgjlj1sgLckfPT1xD+Cw=="
		}
	}
}
