# THIS IS AN AUTOGENERATED FILE. DO NOT EDIT THIS FILE DIRECTLY.
# yarn lockfile v1


"@pubsweet/logger@^0.0.1":
  version "0.0.1"
  resolved "https://registry.yarnpkg.com/@pubsweet/logger/-/logger-0.0.1.tgz#ec0c15f04e0c64232c29173848ffe6da8190c9c2"
  dependencies:
    config "^1.26.2"
    joi "^10.6.0"

busboy@^0.2.13:
  version "0.2.14"
  resolved "https://registry.yarnpkg.com/busboy/-/busboy-0.2.14.tgz#6c2a622efcf47c57bbbe1e2a9c37ad36c7925453"
  dependencies:
    dicer "0.2.5"
    readable-stream "1.1.x"

config@^1.26.1, config@^1.26.2:
  version "1.28.1"
  resolved "https://registry.yarnpkg.com/config/-/config-1.28.1.tgz#7625d2a1e4c90f131d8a73347982d93c3873282d"
  dependencies:
    json5 "0.4.0"
    os-homedir "1.0.2"

core-util-is@~1.0.0:
  version "1.0.2"
  resolved "https://registry.yarnpkg.com/core-util-is/-/core-util-is-1.0.2.tgz#b5fd54220aa2bc5ab57aab7140c940754503c1a7"

dicer@0.2.5:
  version "0.2.5"
  resolved "https://registry.yarnpkg.com/dicer/-/dicer-0.2.5.tgz#5996c086bb33218c812c090bddc09cd12facb70f"
  dependencies:
    readable-stream "1.1.x"
    streamsearch "0.1.2"

err-code@^1.0.0:
  version "1.1.2"
  resolved "https://registry.yarnpkg.com/err-code/-/err-code-1.1.2.tgz#06e0116d3028f6aef4806849eb0ea6a748ae6960"

hoek@4.x.x:
  version "4.2.0"
  resolved "https://registry.yarnpkg.com/hoek/-/hoek-4.2.0.tgz#72d9d0754f7fe25ca2d01ad8f8f9a9449a89526d"

inherits@~2.0.1:
  version "2.0.3"
  resolved "https://registry.yarnpkg.com/inherits/-/inherits-2.0.3.tgz#633c2c83e3da42a502f52466022480f4208261de"

isarray@0.0.1:
  version "0.0.1"
  resolved "https://registry.yarnpkg.com/isarray/-/isarray-0.0.1.tgz#8a18acfca9a8f4177e09abfc6038939b05d1eedf"

isemail@2.x.x:
  version "2.2.1"
  resolved "https://registry.yarnpkg.com/isemail/-/isemail-2.2.1.tgz#0353d3d9a62951080c262c2aa0a42b8ea8e9e2a6"

items@2.x.x:
  version "2.1.1"
  resolved "https://registry.yarnpkg.com/items/-/items-2.1.1.tgz#8bd16d9c83b19529de5aea321acaada78364a198"

joi@^10.6.0:
  version "10.6.0"
  resolved "https://registry.yarnpkg.com/joi/-/joi-10.6.0.tgz#52587f02d52b8b75cdb0c74f0b164a191a0e1fc2"
  dependencies:
    hoek "4.x.x"
    isemail "2.x.x"
    items "2.x.x"
    topo "2.x.x"

json5@0.4.0:
  version "0.4.0"
  resolved "https://registry.yarnpkg.com/json5/-/json5-0.4.0.tgz#054352e4c4c80c86c0923877d449de176a732c8d"

lodash@^4.13.1:
  version "4.17.4"
  resolved "https://registry.yarnpkg.com/lodash/-/lodash-4.17.4.tgz#78203a4d1c328ae1d86dca6460e369b57f4055ae"

os-homedir@1.0.2:
  version "1.0.2"
  resolved "https://registry.yarnpkg.com/os-homedir/-/os-homedir-1.0.2.tgz#ffbc4988336e0e833de0c168c7ef152121aa7fb3"

os-tmpdir@^1.0.0:
  version "1.0.2"
  resolved "https://registry.yarnpkg.com/os-tmpdir/-/os-tmpdir-1.0.2.tgz#bbe67406c79aa85c5cfec766fe5734555dfa1274"

promise-retry@^1.1.1:
  version "1.1.1"
  resolved "https://registry.yarnpkg.com/promise-retry/-/promise-retry-1.1.1.tgz#6739e968e3051da20ce6497fb2b50f6911df3d6d"
  dependencies:
    err-code "^1.0.0"
    retry "^0.10.0"

punycode@^1.4.1:
  version "1.4.1"
  resolved "https://registry.yarnpkg.com/punycode/-/punycode-1.4.1.tgz#c0d5a63b2718800ad8e1eb0fa5269c84dd41845e"

readable-stream@1.1.x:
  version "1.1.14"
  resolved "https://registry.yarnpkg.com/readable-stream/-/readable-stream-1.1.14.tgz#7cf4c54ef648e3813084c636dd2079e166c081d9"
  dependencies:
    core-util-is "~1.0.0"
    inherits "~2.0.1"
    isarray "0.0.1"
    string_decoder "~0.10.x"

request-promise-core@1.1.1:
  version "1.1.1"
  resolved "https://registry.yarnpkg.com/request-promise-core/-/request-promise-core-1.1.1.tgz#3eee00b2c5aa83239cfb04c5700da36f81cd08b6"
  dependencies:
    lodash "^4.13.1"

request-promise-native@^1.0.5:
  version "1.0.5"
  resolved "https://registry.yarnpkg.com/request-promise-native/-/request-promise-native-1.0.5.tgz#5281770f68e0c9719e5163fd3fab482215f4fda5"
  dependencies:
    request-promise-core "1.1.1"
    stealthy-require "^1.1.0"
    tough-cookie ">=2.3.3"

retry@^0.10.0:
  version "0.10.1"
  resolved "https://registry.yarnpkg.com/retry/-/retry-0.10.1.tgz#e76388d217992c252750241d3d3956fed98d8ff4"

rimraf@~2.2.6:
  version "2.2.8"
  resolved "https://registry.yarnpkg.com/rimraf/-/rimraf-2.2.8.tgz#e439be2aaee327321952730f99a8929e4fc50582"

stealthy-require@^1.1.0:
  version "1.1.1"
  resolved "https://registry.yarnpkg.com/stealthy-require/-/stealthy-require-1.1.1.tgz#35b09875b4ff49f26a777e509b3090a3226bf24b"

streamsearch@0.1.2:
  version "0.1.2"
  resolved "https://registry.yarnpkg.com/streamsearch/-/streamsearch-0.1.2.tgz#808b9d0e56fc273d809ba57338e929919a1a9f1a"

string_decoder@~0.10.x:
  version "0.10.31"
  resolved "https://registry.yarnpkg.com/string_decoder/-/string_decoder-0.10.31.tgz#62e203bc41766c6c28c9fc84301dab1c5310fa94"

temp@^0.8.3:
  version "0.8.3"
  resolved "https://registry.yarnpkg.com/temp/-/temp-0.8.3.tgz#e0c6bc4d26b903124410e4fed81103014dfc1f59"
  dependencies:
    os-tmpdir "^1.0.0"
    rimraf "~2.2.6"

topo@2.x.x:
  version "2.0.2"
  resolved "https://registry.yarnpkg.com/topo/-/topo-2.0.2.tgz#cd5615752539057c0dc0491a621c3bc6fbe1d182"
  dependencies:
    hoek "4.x.x"

tough-cookie@>=2.3.3:
  version "2.3.3"
  resolved "https://registry.yarnpkg.com/tough-cookie/-/tough-cookie-2.3.3.tgz#0b618a5565b6dea90bf3425d04d55edc475a7561"
  dependencies:
    punycode "^1.4.1"
