{
  "name": "pubsweet-component-polling-backend",
  "version": "0.0.1",
  "lockfileVersion": 1,
  "requires": true,
  "dependencies": {
    "pubsweet-sse": {
      "version": "0.1.4",
      "resolved":
        "https://registry.npmjs.org/pubsweet-sse/-/pubsweet-sse-0.1.4.tgz",
      "integrity":
        "sha512-zQlcHSgVpKvsPSoNHgoh7+8DPIPQ6kqMRRhs3e8d/icHrJAhoz0aQdovB8VK5XZfjUkoHYidCjDT2LFueDvwVA=="
    }
  }
}
